hash: 8b2e809021695ee646ee0ec4e51a6783df8fc0e8d00655906945c2b0c5a967ca
updated: 2017-04-09T01:36:36.313792698-07:00
imports:
- name: github.com/btcsuite/btcd
  version: b8df516b4b267acf2de46be593a9d948d1d2c420
  subpackages:
  - btcec
- name: github.com/btcsuite/btcutil
  version: 86346b5a958c0cf94186b87855469ae991be501c
  subpackages:
  - base58
- name: github.com/btcsuite/fastsha256
  version: 637e656429416087660c84436a2a035d69d54e2e
- name: github.com/go-stack/stack
  version: 100eb0c0a9c5b306ca2fb4f165df21d80ada4b82
- name: github.com/howeyc/gopass
  version: bf9dde6d0d2c004a008c27aaee91170c786f6db8
- name: github.com/mattn/go-colorable
  version: 9fdad7c47650b7d2e1da50644c1f4ba7f172f252
- name: github.com/mattn/go-isatty
  version: 56b76bdf51f7708750eac80fa38b952bb9f32639
- name: github.com/pkg/errors
  version: 248dadf4e9068a0b3e79f02ed0a610d935de5302
- name: github.com/tendermint/ed25519
  version: 1f52c6f8b8a5c7908aff4497c186af344b428925
  subpackages:
  - edwards25519
  - extra25519
- name: github.com/tendermint/go-common
  version: 70e694ee76f09058ea38c9ba81b4aa621bd54df1
- name: github.com/tendermint/go-crypto
  version: 05aad391c3d580c5d60a11e35896b4cb4a61eca1
  subpackages:
  - hd
- name: github.com/tendermint/go-data
  version: e7fcc6d081ec8518912fcdc103188275f83a3ee5
- name: github.com/tendermint/go-logger
  version: cefb3a45c0bf3c493a04e9bcd9b1540528be59f2
- name: github.com/tendermint/go-wire
  version: 287d8caeae91d21686340f5f87170560531681e6
- name: github.com/tendermint/log15
  version: ae0f3d6450da9eac7074b439c8e1c3cabf0d5ce6
  subpackages:
  - term
- name: github.com/tyler-smith/go-bip39
  version: 8e7a99b3e716f36d3b080a9a70f9eb45abe4edcc
- name: golang.org/x/crypto
  version: 1f22c0103821b9390939b6776727195525381532
  subpackages:
  - nacl/secretbox
  - openpgp/armor
  - openpgp/errors
  - pbkdf2
  - poly1305
  - ripemd160
  - salsa20/salsa
  - ssh/terminal
- name: golang.org/x/sys
  version: 50c6bc5e4292a1d4e65c6e9be5f53be28bcbe28e
  subpackages:
  - unix
testImports: []
